
Microsoft Visual Studio Solution File, Format Version 12.00
# Visual Studio Version 16
VisualStudioVersion = 16.0.29102.190
MinimumVisualStudioVersion = 10.0.40219.1
Project("{9A19103F-16F7-4668-BE54-9A1E7A4F7556}") = "Bringer", "Bringer.csproj", "{78F31AF9-7176-4133-A0D5-FA9FE0AFFB1D}"
EndProject
Global
	GlobalSection(SolutionConfigurationPlatforms) = preSolution
		Debug|Any CPU = Debug|Any CPU
		Release|Any CPU = Release|Any CPU
	EndGlobalSection
	GlobalSection(ProjectConfigurationPlatforms) = postSolution
		{78F31AF9-7176-4133-A0D5-FA9FE0AFFB1D}.Debug|Any CPU.ActiveCfg = Debug|Any CPU
		{78F31AF9-7176-4133-A0D5-FA9FE0AFFB1D}.Debug|Any CPU.Build.0 = Debug|Any CPU
		{78F31AF9-7176-4133-A0D5-FA9FE0AFFB1D}.Release|Any CPU.ActiveCfg = Release|Any CPU
		{78F31AF9-7176-4133-A0D5-FA9FE0AFFB1D}.Release|Any CPU.Build.0 = Release|Any CPU
	EndGlobalSection
	GlobalSection(SolutionProperties) = preSolution
		HideSolutionNode = FALSE
	EndGlobalSection
	GlobalSection(ExtensibilityGlobals) = postSolution
		SolutionGuid = {2154BF0E-7CFD-487E-84F6-C8468B9E84BE}
	EndGlobalSection
EndGlobal
